# THIS IS AN AUTOGENERATED FILE. DO NOT EDIT THIS FILE DIRECTLY.
# yarn lockfile v1


portal-vue@^2.1.7:
  version "2.1.7"
  resolved "https://registry.yarnpkg.com/portal-vue/-/portal-vue-2.1.7.tgz#ea08069b25b640ca08a5b86f67c612f15f4e4ad4"
  integrity sha512-+yCno2oB3xA7irTt0EU5Ezw22L2J51uKAacE/6hMPMoO/mx3h4rXFkkBkT4GFsMDv/vEe8TNKC3ujJJ0PTwb6g==
